
Microsoft Visual Studio Solution File, Format Version 12.00
# Visual Studio Version 17
VisualStudioVersion = 17.5.33424.131
MinimumVisualStudioVersion = 10.0.40219.1
Project("{FAE04EC0-301F-11D3-BF4B-00C04F79EFBC}") = "EmployeeAPI", "EmployeeAPI\EmployeeAPI.csproj", "{68E5865C-53DA-4A8C-A129-17E2A27DC64E}"
EndProject
Global
	GlobalSection(SolutionConfigurationPlatforms) = preSolution
		Debug|Any CPU = Debug|Any CPU
		Release|Any CPU = Release|Any CPU
	EndGlobalSection
	GlobalSection(ProjectConfigurationPlatforms) = postSolution
		{68E5865C-53DA-4A8C-A129-17E2A27DC64E}.Debug|Any CPU.ActiveCfg = Debug|Any CPU
		{68E5865C-53DA-4A8C-A129-17E2A27DC64E}.Debug|Any CPU.Build.0 = Debug|Any CPU
		{68E5865C-53DA-4A8C-A129-17E2A27DC64E}.Release|Any CPU.ActiveCfg = Release|Any CPU
		{68E5865C-53DA-4A8C-A129-17E2A27DC64E}.Release|Any CPU.Build.0 = Release|Any CPU
	EndGlobalSection
	GlobalSection(SolutionProperties) = preSolution
		HideSolutionNode = FALSE
	EndGlobalSection
	GlobalSection(ExtensibilityGlobals) = postSolution
		SolutionGuid = {54CF3C77-868E-4CD2-8904-02F2942F02C1}
	EndGlobalSection
EndGlobal
